
Microsoft Visual Studio Solution File, Format Version 12.00
# Visual Studio 2012
Project("{FAE04EC0-301F-11D3-BF4B-00C04F79EFBC}") = "XamarinAndroidOpenGLTextures", "XamarinAndroidOpenGLTextures\XamarinAndroidOpenGLTextures.csproj", "{CCB948EA-7E82-4E7E-8111-4741E47A6F84}"
EndProject
Global
	GlobalSection(SolutionConfigurationPlatforms) = preSolution
		Debug|Any CPU = Debug|Any CPU
		Release|Any CPU = Release|Any CPU
	EndGlobalSection
	GlobalSection(ProjectConfigurationPlatforms) = postSolution
		{CCB948EA-7E82-4E7E-8111-4741E47A6F84}.Debug|Any CPU.ActiveCfg = Debug|Any CPU
		{CCB948EA-7E82-4E7E-8111-4741E47A6F84}.Debug|Any CPU.Build.0 = Debug|Any CPU
		{CCB948EA-7E82-4E7E-8111-4741E47A6F84}.Release|Any CPU.ActiveCfg = Release|Any CPU
		{CCB948EA-7E82-4E7E-8111-4741E47A6F84}.Release|Any CPU.Build.0 = Release|Any CPU
	EndGlobalSection
EndGlobal
